
Microsoft Visual Studio Solution File, Format Version 12.00
# Visual Studio Version 17
VisualStudioVersion = 17.6.33815.320
MinimumVisualStudioVersion = 10.0.40219.1
Project("{9A19103F-16F7-4668-BE54-9A1E7A4F7556}") = "LiveMoney3", "LiveMoney3.csproj", "{CC684BA1-5508-4A4E-9142-A3EDC49B822B}"
EndProject
Global
	GlobalSection(SolutionConfigurationPlatforms) = preSolution
		Debug|Any CPU = Debug|Any CPU
		Release|Any CPU = Release|Any CPU
	EndGlobalSection
	GlobalSection(ProjectConfigurationPlatforms) = postSolution
		{CC684BA1-5508-4A4E-9142-A3EDC49B822B}.Debug|Any CPU.ActiveCfg = Debug|Any CPU
		{CC684BA1-5508-4A4E-9142-A3EDC49B822B}.Debug|Any CPU.Build.0 = Debug|Any CPU
		{CC684BA1-5508-4A4E-9142-A3EDC49B822B}.Release|Any CPU.ActiveCfg = Release|Any CPU
		{CC684BA1-5508-4A4E-9142-A3EDC49B822B}.Release|Any CPU.Build.0 = Release|Any CPU
	EndGlobalSection
	GlobalSection(SolutionProperties) = preSolution
		HideSolutionNode = FALSE
	EndGlobalSection
	GlobalSection(ExtensibilityGlobals) = postSolution
		SolutionGuid = {D2709E7D-85FF-4E0C-BDD9-EDFA5E844713}
	EndGlobalSection
EndGlobal
